
Microsoft Visual Studio Solution File, Format Version 12.00
# Visual Studio Version 17
VisualStudioVersion = 17.14.37111.16
MinimumVisualStudioVersion = 10.0.40219.1
Project("{FAE04EC0-301F-11D3-BF4B-00C04F79EFBC}") = "bahar_chaykhana", "bahar_chaykhana\bahar_chaykhana.csproj", "{D5DC4EC3-9029-44E7-8E61-18BB5A2CF982}"
EndProject
Project("{2150E333-8FDC-42A3-9474-1A3956D46DE8}") = "database", "database", "{36D591C7-65C7-A0D1-1CBC-10CDE441BDC8}"
	ProjectSection(SolutionItems) = preProject
		database\migration_add_cancelled_status.sql = database\migration_add_cancelled_status.sql
		database\migration_add_reservation_cancelled_status.sql = database\migration_add_reservation_cancelled_status.sql
		C:\Users\MSI\Downloads\files (1)\schema.sql = C:\Users\MSI\Downloads\files (1)\schema.sql
		C:\Users\MSI\Downloads\files (1)\seed_customers.sql = C:\Users\MSI\Downloads\files (1)\seed_customers.sql
		C:\Users\MSI\Downloads\files (1)\seed_dishes.sql = C:\Users\MSI\Downloads\files (1)\seed_dishes.sql
		C:\Users\MSI\Downloads\files (1)\seed_employees.sql = C:\Users\MSI\Downloads\files (1)\seed_employees.sql
	EndProjectSection
EndProject
Global
	GlobalSection(SolutionConfigurationPlatforms) = preSolution
		Debug|Any CPU = Debug|Any CPU
		Release|Any CPU = Release|Any CPU
	EndGlobalSection
	GlobalSection(ProjectConfigurationPlatforms) = postSolution
		{D5DC4EC3-9029-44E7-8E61-18BB5A2CF982}.Debug|Any CPU.ActiveCfg = Debug|Any CPU
		{D5DC4EC3-9029-44E7-8E61-18BB5A2CF982}.Debug|Any CPU.Build.0 = Debug|Any CPU
		{D5DC4EC3-9029-44E7-8E61-18BB5A2CF982}.Release|Any CPU.ActiveCfg = Release|Any CPU
		{D5DC4EC3-9029-44E7-8E61-18BB5A2CF982}.Release|Any CPU.Build.0 = Release|Any CPU
	EndGlobalSection
	GlobalSection(SolutionProperties) = preSolution
		HideSolutionNode = FALSE
	EndGlobalSection
	GlobalSection(ExtensibilityGlobals) = postSolution
		SolutionGuid = {56719BF7-B75D-43A6-B739-3FC566A22645}
	EndGlobalSection
EndGlobal
